
Microsoft Visual Studio Solution File, Format Version 12.00
# Visual Studio Version 17
VisualStudioVersion = 17.11.35303.130
MinimumVisualStudioVersion = 10.0.40219.1
Project("{2150E333-8FDC-42A3-9474-1A3956D46DE8}") = "Task0", "Task0", "{AAA5AB5A-62B6-4CEA-824A-107ED46317B4}"
EndProject
Project("{9A19103F-16F7-4668-BE54-9A1E7A4F7556}") = "Tyuiu.KonevaDD.Sprint0.Task0.V0", "Tyuiu.KonevaDD.Sprint0.Task0.V0\Tyuiu.KonevaDD.Sprint0.Task0.V0.csproj", "{6ACD6209-CAFC-4BB8-A74B-AE0B6C04B445}"
EndProject
Project("{2150E333-8FDC-42A3-9474-1A3956D46DE8}") = "Task1", "Task1", "{80D880B8-C2A4-416B-B8C7-DBF03F83BB99}"
EndProject
Project("{9A19103F-16F7-4668-BE54-9A1E7A4F7556}") = "Tyuiu.KonevaDD.Sprint0.Task1.V0", "Tyuiu.KonevaDD.Sprint0.Task1.V0\Tyuiu.KonevaDD.Sprint0.Task1.V0.csproj", "{06A0914C-9358-4328-93A9-D779E0281109}"
EndProject
Project("{2150E333-8FDC-42A3-9474-1A3956D46DE8}") = "Task2", "Task2", "{DA96F647-2706-47DE-99EF-32493DCAA85D}"
EndProject
Project("{9A19103F-16F7-4668-BE54-9A1E7A4F7556}") = "Tyuiu.KonevaDD.Sprint0.Task2.V0", "Tyuiu.KonevaDD.Sprint0.Task2.V0\Tyuiu.KonevaDD.Sprint0.Task2.V0.csproj", "{36AD1531-4AEC-4531-B079-9DD4096B9CA0}"
EndProject
Project("{9A19103F-16F7-4668-BE54-9A1E7A4F7556}") = "Tyuiu.KonevaDD.Sprint0.Task2.V0.Lib", "Tyuiu.KonevaDD.Sprint0.Task2.V0.Lib\Tyuiu.KonevaDD.Sprint0.Task2.V0.Lib.csproj", "{AD2B6BEE-2A46-4A5C-95AC-D042E3B1B765}"
EndProject
Project("{9A19103F-16F7-4668-BE54-9A1E7A4F7556}") = "Tyuiu.KonevaDD.Sprint0.Task2.V0.Text", "Tyuiu.KonevaDD.Sprint0.Task2.V0.Text\Tyuiu.KonevaDD.Sprint0.Task2.V0.Text.csproj", "{0180DE46-8234-4659-AC3A-F97D7E99FDE3}"
EndProject
Project("{2150E333-8FDC-42A3-9474-1A3956D46DE8}") = "Task3", "Task3", "{268F03E1-D4C7-436C-B817-615B558DF8E9}"
EndProject
Project("{9A19103F-16F7-4668-BE54-9A1E7A4F7556}") = "Tyuiu.KonevaDD.Sprint0.Task3.V0", "Tyuiu.KonevaDD.Sprint0.Task3.V0\Tyuiu.KonevaDD.Sprint0.Task3.V0.csproj", "{A85CB487-F3F4-47E5-98E7-702ECB3701E2}"
EndProject
Project("{9A19103F-16F7-4668-BE54-9A1E7A4F7556}") = "Tyuiu.KonevaDD.Sprint0.Task3.V0.Lib", "Tyuiu.KonevaDD.Sprint0.Task3.V0.Lib\Tyuiu.KonevaDD.Sprint0.Task3.V0.Lib.csproj", "{E4A89188-3560-40D6-B488-526C5DDE0830}"
EndProject
Project("{9A19103F-16F7-4668-BE54-9A1E7A4F7556}") = "Tyuiu.KonevaDD.Sprint0.Task3.V0.Test", "Tyuiu.KonevaDD.Sprint0.Task3.Test\Tyuiu.KonevaDD.Sprint0.Task3.V0.Test.csproj", "{381BEF4D-5BB0-4902-8B55-E6C360DF18F0}"
EndProject
Project("{2150E333-8FDC-42A3-9474-1A3956D46DE8}") = "Task4", "Task4", "{249D3F3D-B278-4180-B99A-73877F08B787}"
EndProject
Project("{FAE04EC0-301F-11D3-BF4B-00C04F79EFBC}") = "Tyuiu.KonevaDD.Sprint0.Task4.V0", "Tyuiu.KonevaDD.Sprint0.Task4.V0\Tyuiu.KonevaDD.Sprint0.Task4.V0.csproj", "{95558554-2A1B-4A94-90B5-90B9FD97FE74}"
EndProject
Project("{FAE04EC0-301F-11D3-BF4B-00C04F79EFBC}") = "Tyuiu.KonevaDD.Sprint0.Task4.V0.Lib", "Tyuiu.KonevaDD.Sprint0.Task4.V0.Lib\Tyuiu.KonevaDD.Sprint0.Task4.V0.Lib.csproj", "{9D6A8484-F09F-42D7-903A-228DD1D85532}"
EndProject
Project("{FAE04EC0-301F-11D3-BF4B-00C04F79EFBC}") = "Tyuiu.KonevaDD.Sprint0.Task4.V0.Test", "Tyuiu.KonevaDD.Sprint0.Task4.V0.Test\Tyuiu.KonevaDD.Sprint0.Task4.V0.Test.csproj", "{BE002CC5-AA04-4B9F-B84E-92D70CA9E634}"
EndProject
Global
	GlobalSection(SolutionConfigurationPlatforms) = preSolution
		Debug|Any CPU = Debug|Any CPU
		Release|Any CPU = Release|Any CPU
	EndGlobalSection
	GlobalSection(ProjectConfigurationPlatforms) = postSolution
		{6ACD6209-CAFC-4BB8-A74B-AE0B6C04B445}.Debug|Any CPU.ActiveCfg = Debug|Any CPU
		{6ACD6209-CAFC-4BB8-A74B-AE0B6C04B445}.Debug|Any CPU.Build.0 = Debug|Any CPU
		{6ACD6209-CAFC-4BB8-A74B-AE0B6C04B445}.Release|Any CPU.ActiveCfg = Release|Any CPU
		{6ACD6209-CAFC-4BB8-A74B-AE0B6C04B445}.Release|Any CPU.Build.0 = Release|Any CPU
		{06A0914C-9358-4328-93A9-D779E0281109}.Debug|Any CPU.ActiveCfg = Debug|Any CPU
		{06A0914C-9358-4328-93A9-D779E0281109}.Debug|Any CPU.Build.0 = Debug|Any CPU
		{06A0914C-9358-4328-93A9-D779E0281109}.Release|Any CPU.ActiveCfg = Release|Any CPU
		{06A0914C-9358-4328-93A9-D779E0281109}.Release|Any CPU.Build.0 = Release|Any CPU
		{36AD1531-4AEC-4531-B079-9DD4096B9CA0}.Debug|Any CPU.ActiveCfg = Debug|Any CPU
		{36AD1531-4AEC-4531-B079-9DD4096B9CA0}.Debug|Any CPU.Build.0 = Debug|Any CPU
		{36AD1531-4AEC-4531-B079-9DD4096B9CA0}.Release|Any CPU.ActiveCfg = Release|Any CPU
		{36AD1531-4AEC-4531-B079-9DD4096B9CA0}.Release|Any CPU.Build.0 = Release|Any CPU
		{AD2B6BEE-2A46-4A5C-95AC-D042E3B1B765}.Debug|Any CPU.ActiveCfg = Debug|Any CPU
		{AD2B6BEE-2A46-4A5C-95AC-D042E3B1B765}.Debug|Any CPU.Build.0 = Debug|Any CPU
		{AD2B6BEE-2A46-4A5C-95AC-D042E3B1B765}.Release|Any CPU.ActiveCfg = Release|Any CPU
		{AD2B6BEE-2A46-4A5C-95AC-D042E3B1B765}.Release|Any CPU.Build.0 = Release|Any CPU
		{0180DE46-8234-4659-AC3A-F97D7E99FDE3}.Debug|Any CPU.ActiveCfg = Debug|Any CPU
		{0180DE46-8234-4659-AC3A-F97D7E99FDE3}.Debug|Any CPU.Build.0 = Debug|Any CPU
		{0180DE46-8234-4659-AC3A-F97D7E99FDE3}.Release|Any CPU.ActiveCfg = Release|Any CPU
		{0180DE46-8234-4659-AC3A-F97D7E99FDE3}.Release|Any CPU.Build.0 = Release|Any CPU
		{A85CB487-F3F4-47E5-98E7-702ECB3701E2}.Debug|Any CPU.ActiveCfg = Debug|Any CPU
		{A85CB487-F3F4-47E5-98E7-702ECB3701E2}.Debug|Any CPU.Build.0 = Debug|Any CPU
		{A85CB487-F3F4-47E5-98E7-702ECB3701E2}.Release|Any CPU.ActiveCfg = Release|Any CPU
		{A85CB487-F3F4-47E5-98E7-702ECB3701E2}.Release|Any CPU.Build.0 = Release|Any CPU
		{E4A89188-3560-40D6-B488-526C5DDE0830}.Debug|Any CPU.ActiveCfg = Debug|Any CPU
		{E4A89188-3560-40D6-B488-526C5DDE0830}.Debug|Any CPU.Build.0 = Debug|Any CPU
		{E4A89188-3560-40D6-B488-526C5DDE0830}.Release|Any CPU.ActiveCfg = Release|Any CPU
		{E4A89188-3560-40D6-B488-526C5DDE0830}.Release|Any CPU.Build.0 = Release|Any CPU
		{381BEF4D-5BB0-4902-8B55-E6C360DF18F0}.Debug|Any CPU.ActiveCfg = Debug|Any CPU
		{381BEF4D-5BB0-4902-8B55-E6C360DF18F0}.Debug|Any CPU.Build.0 = Debug|Any CPU
		{381BEF4D-5BB0-4902-8B55-E6C360DF18F0}.Release|Any CPU.ActiveCfg = Release|Any CPU
		{381BEF4D-5BB0-4902-8B55-E6C360DF18F0}.Release|Any CPU.Build.0 = Release|Any CPU
		{95558554-2A1B-4A94-90B5-90B9FD97FE74}.Debug|Any CPU.ActiveCfg = Debug|Any CPU
		{95558554-2A1B-4A94-90B5-90B9FD97FE74}.Debug|Any CPU.Build.0 = Debug|Any CPU
		{95558554-2A1B-4A94-90B5-90B9FD97FE74}.Release|Any CPU.ActiveCfg = Release|Any CPU
		{95558554-2A1B-4A94-90B5-90B9FD97FE74}.Release|Any CPU.Build.0 = Release|Any CPU
		{9D6A8484-F09F-42D7-903A-228DD1D85532}.Debug|Any CPU.ActiveCfg = Debug|Any CPU
		{9D6A8484-F09F-42D7-903A-228DD1D85532}.Debug|Any CPU.Build.0 = Debug|Any CPU
		{9D6A8484-F09F-42D7-903A-228DD1D85532}.Release|Any CPU.ActiveCfg = Release|Any CPU
		{9D6A8484-F09F-42D7-903A-228DD1D85532}.Release|Any CPU.Build.0 = Release|Any CPU
		{BE002CC5-AA04-4B9F-B84E-92D70CA9E634}.Debug|Any CPU.ActiveCfg = Debug|Any CPU
		{BE002CC5-AA04-4B9F-B84E-92D70CA9E634}.Debug|Any CPU.Build.0 = Debug|Any CPU
		{BE002CC5-AA04-4B9F-B84E-92D70CA9E634}.Release|Any CPU.ActiveCfg = Release|Any CPU
		{BE002CC5-AA04-4B9F-B84E-92D70CA9E634}.Release|Any CPU.Build.0 = Release|Any CPU
	EndGlobalSection
	GlobalSection(SolutionProperties) = preSolution
		HideSolutionNode = FALSE
	EndGlobalSection
	GlobalSection(NestedProjects) = preSolution
		{6ACD6209-CAFC-4BB8-A74B-AE0B6C04B445} = {AAA5AB5A-62B6-4CEA-824A-107ED46317B4}
		{06A0914C-9358-4328-93A9-D779E0281109} = {80D880B8-C2A4-416B-B8C7-DBF03F83BB99}
		{36AD1531-4AEC-4531-B079-9DD4096B9CA0} = {DA96F647-2706-47DE-99EF-32493DCAA85D}
		{AD2B6BEE-2A46-4A5C-95AC-D042E3B1B765} = {DA96F647-2706-47DE-99EF-32493DCAA85D}
		{0180DE46-8234-4659-AC3A-F97D7E99FDE3} = {DA96F647-2706-47DE-99EF-32493DCAA85D}
		{A85CB487-F3F4-47E5-98E7-702ECB3701E2} = {268F03E1-D4C7-436C-B817-615B558DF8E9}
		{E4A89188-3560-40D6-B488-526C5DDE0830} = {268F03E1-D4C7-436C-B817-615B558DF8E9}
		{381BEF4D-5BB0-4902-8B55-E6C360DF18F0} = {268F03E1-D4C7-436C-B817-615B558DF8E9}
		{95558554-2A1B-4A94-90B5-90B9FD97FE74} = {249D3F3D-B278-4180-B99A-73877F08B787}
		{9D6A8484-F09F-42D7-903A-228DD1D85532} = {249D3F3D-B278-4180-B99A-73877F08B787}
		{BE002CC5-AA04-4B9F-B84E-92D70CA9E634} = {249D3F3D-B278-4180-B99A-73877F08B787}
	EndGlobalSection
	GlobalSection(ExtensibilityGlobals) = postSolution
		SolutionGuid = {1A5C40C0-1123-4438-91AC-91098A33584E}
	EndGlobalSection
EndGlobal
